
Microsoft Visual Studio Solution File, Format Version 12.00
# Visual Studio 15
VisualStudioVersion = 15.0.26228.12
MinimumVisualStudioVersion = 10.0.40219.1
Project("{FAE04EC0-301F-11D3-BF4B-00C04F79EFBC}") = "WoodenBench_Desktop", "WoodenBench Desktop\WoodenBench_Desktop.csproj", "{53D38988-D1CD-4EB0-AF9C-093EA6C3D2A6}"
EndProject
Project("{FAE04EC0-301F-11D3-BF4B-00C04F79EFBC}") = "NPinyin", "PinYin\NPinyin.csproj", "{265ED519-5902-4798-A817-B8295C91DD8F}"
EndProject
Project("{FAE04EC0-301F-11D3-BF4B-00C04F79EFBC}") = "WoodenBench_iOS_iPhone", "WoodenBench_iOS_iPhone\WoodenBench_iOS_iPhone.csproj", "{247E02C3-4E52-4E89-B76F-307AE6AA44C8}"
EndProject
Project("{FAE04EC0-301F-11D3-BF4B-00C04F79EFBC}") = "WoodenBench_Android", "WoodenBench_Android\WoodenBench_Android.csproj", "{9F7986F1-2A0F-418C-837F-71C1083F18DF}"
EndProject
Global
	GlobalSection(SolutionConfigurationPlatforms) = preSolution
		Ad-Hoc|Any CPU = Ad-Hoc|Any CPU
		Ad-Hoc|ARM = Ad-Hoc|ARM
		Ad-Hoc|iPhone = Ad-Hoc|iPhone
		Ad-Hoc|iPhoneSimulator = Ad-Hoc|iPhoneSimulator
		Ad-Hoc|x64 = Ad-Hoc|x64
		Ad-Hoc|x86 = Ad-Hoc|x86
		AppStore|Any CPU = AppStore|Any CPU
		AppStore|ARM = AppStore|ARM
		AppStore|iPhone = AppStore|iPhone
		AppStore|iPhoneSimulator = AppStore|iPhoneSimulator
		AppStore|x64 = AppStore|x64
		AppStore|x86 = AppStore|x86
		Debug|Any CPU = Debug|Any CPU
		Debug|ARM = Debug|ARM
		Debug|iPhone = Debug|iPhone
		Debug|iPhoneSimulator = Debug|iPhoneSimulator
		Debug|x64 = Debug|x64
		Debug|x86 = Debug|x86
		Release|Any CPU = Release|Any CPU
		Release|ARM = Release|ARM
		Release|iPhone = Release|iPhone
		Release|iPhoneSimulator = Release|iPhoneSimulator
		Release|x64 = Release|x64
		Release|x86 = Release|x86
	EndGlobalSection
	GlobalSection(ProjectConfigurationPlatforms) = postSolution
		{53D38988-D1CD-4EB0-AF9C-093EA6C3D2A6}.Ad-Hoc|Any CPU.ActiveCfg = Release|Any CPU
		{53D38988-D1CD-4EB0-AF9C-093EA6C3D2A6}.Ad-Hoc|Any CPU.Build.0 = Release|Any CPU
		{53D38988-D1CD-4EB0-AF9C-093EA6C3D2A6}.Ad-Hoc|ARM.ActiveCfg = Release|Any CPU
		{53D38988-D1CD-4EB0-AF9C-093EA6C3D2A6}.Ad-Hoc|ARM.Build.0 = Release|Any CPU
		{53D38988-D1CD-4EB0-AF9C-093EA6C3D2A6}.Ad-Hoc|iPhone.ActiveCfg = Release|Any CPU
		{53D38988-D1CD-4EB0-AF9C-093EA6C3D2A6}.Ad-Hoc|iPhone.Build.0 = Release|Any CPU
		{53D38988-D1CD-4EB0-AF9C-093EA6C3D2A6}.Ad-Hoc|iPhoneSimulator.ActiveCfg = Release|Any CPU
		{53D38988-D1CD-4EB0-AF9C-093EA6C3D2A6}.Ad-Hoc|iPhoneSimulator.Build.0 = Release|Any CPU
		{53D38988-D1CD-4EB0-AF9C-093EA6C3D2A6}.Ad-Hoc|x64.ActiveCfg = Release|Any CPU
		{53D38988-D1CD-4EB0-AF9C-093EA6C3D2A6}.Ad-Hoc|x64.Build.0 = Release|Any CPU
		{53D38988-D1CD-4EB0-AF9C-093EA6C3D2A6}.Ad-Hoc|x86.ActiveCfg = Release|Any CPU
		{53D38988-D1CD-4EB0-AF9C-093EA6C3D2A6}.Ad-Hoc|x86.Build.0 = Release|Any CPU
		{53D38988-D1CD-4EB0-AF9C-093EA6C3D2A6}.AppStore|Any CPU.ActiveCfg = Release|Any CPU
		{53D38988-D1CD-4EB0-AF9C-093EA6C3D2A6}.AppStore|Any CPU.Build.0 = Release|Any CPU
		{53D38988-D1CD-4EB0-AF9C-093EA6C3D2A6}.AppStore|ARM.ActiveCfg = Release|Any CPU
		{53D38988-D1CD-4EB0-AF9C-093EA6C3D2A6}.AppStore|ARM.Build.0 = Release|Any CPU
		{53D38988-D1CD-4EB0-AF9C-093EA6C3D2A6}.AppStore|iPhone.ActiveCfg = Release|Any CPU
		{53D38988-D1CD-4EB0-AF9C-093EA6C3D2A6}.AppStore|iPhone.Build.0 = Release|Any CPU
		{53D38988-D1CD-4EB0-AF9C-093EA6C3D2A6}.AppStore|iPhoneSimulator.ActiveCfg = Release|Any CPU
		{53D38988-D1CD-4EB0-AF9C-093EA6C3D2A6}.AppStore|iPhoneSimulator.Build.0 = Release|Any CPU
		{53D38988-D1CD-4EB0-AF9C-093EA6C3D2A6}.AppStore|x64.ActiveCfg = Release|Any CPU
		{53D38988-D1CD-4EB0-AF9C-093EA6C3D2A6}.AppStore|x64.Build.0 = Release|Any CPU
		{53D38988-D1CD-4EB0-AF9C-093EA6C3D2A6}.AppStore|x86.ActiveCfg = Release|Any CPU
		{53D38988-D1CD-4EB0-AF9C-093EA6C3D2A6}.AppStore|x86.Build.0 = Release|Any CPU
		{53D38988-D1CD-4EB0-AF9C-093EA6C3D2A6}.Debug|Any CPU.ActiveCfg = Debug|Any CPU
		{53D38988-D1CD-4EB0-AF9C-093EA6C3D2A6}.Debug|Any CPU.Build.0 = Debug|Any CPU
		{53D38988-D1CD-4EB0-AF9C-093EA6C3D2A6}.Debug|ARM.ActiveCfg = Debug|Any CPU
		{53D38988-D1CD-4EB0-AF9C-093EA6C3D2A6}.Debug|ARM.Build.0 = Debug|Any CPU
		{53D38988-D1CD-4EB0-AF9C-093EA6C3D2A6}.Debug|iPhone.ActiveCfg = Debug|Any CPU
		{53D38988-D1CD-4EB0-AF9C-093EA6C3D2A6}.Debug|iPhone.Build.0 = Debug|Any CPU
		{53D38988-D1CD-4EB0-AF9C-093EA6C3D2A6}.Debug|iPhoneSimulator.ActiveCfg = Debug|Any CPU
		{53D38988-D1CD-4EB0-AF9C-093EA6C3D2A6}.Debug|iPhoneSimulator.Build.0 = Debug|Any CPU
		{53D38988-D1CD-4EB0-AF9C-093EA6C3D2A6}.Debug|x64.ActiveCfg = Debug|Any CPU
		{53D38988-D1CD-4EB0-AF9C-093EA6C3D2A6}.Debug|x64.Build.0 = Debug|Any CPU
		{53D38988-D1CD-4EB0-AF9C-093EA6C3D2A6}.Debug|x86.ActiveCfg = Debug|Any CPU
		{53D38988-D1CD-4EB0-AF9C-093EA6C3D2A6}.Debug|x86.Build.0 = Debug|Any CPU
		{53D38988-D1CD-4EB0-AF9C-093EA6C3D2A6}.Release|Any CPU.ActiveCfg = Release|Any CPU
		{53D38988-D1CD-4EB0-AF9C-093EA6C3D2A6}.Release|Any CPU.Build.0 = Release|Any CPU
		{53D38988-D1CD-4EB0-AF9C-093EA6C3D2A6}.Release|ARM.ActiveCfg = Release|Any CPU
		{53D38988-D1CD-4EB0-AF9C-093EA6C3D2A6}.Release|ARM.Build.0 = Release|Any CPU
		{53D38988-D1CD-4EB0-AF9C-093EA6C3D2A6}.Release|iPhone.ActiveCfg = Release|Any CPU
		{53D38988-D1CD-4EB0-AF9C-093EA6C3D2A6}.Release|iPhone.Build.0 = Release|Any CPU
		{53D38988-D1CD-4EB0-AF9C-093EA6C3D2A6}.Release|iPhoneSimulator.ActiveCfg = Release|Any CPU
		{53D38988-D1CD-4EB0-AF9C-093EA6C3D2A6}.Release|iPhoneSimulator.Build.0 = Release|Any CPU
		{53D38988-D1CD-4EB0-AF9C-093EA6C3D2A6}.Release|x64.ActiveCfg = Release|Any CPU
		{53D38988-D1CD-4EB0-AF9C-093EA6C3D2A6}.Release|x64.Build.0 = Release|Any CPU
		{53D38988-D1CD-4EB0-AF9C-093EA6C3D2A6}.Release|x86.ActiveCfg = Release|Any CPU
		{53D38988-D1CD-4EB0-AF9C-093EA6C3D2A6}.Release|x86.Build.0 = Release|Any CPU
		{265ED519-5902-4798-A817-B8295C91DD8F}.Ad-Hoc|Any CPU.ActiveCfg = Release|Any CPU
		{265ED519-5902-4798-A817-B8295C91DD8F}.Ad-Hoc|Any CPU.Build.0 = Release|Any CPU
		{265ED519-5902-4798-A817-B8295C91DD8F}.Ad-Hoc|ARM.ActiveCfg = Release|Any CPU
		{265ED519-5902-4798-A817-B8295C91DD8F}.Ad-Hoc|ARM.Build.0 = Release|Any CPU
		{265ED519-5902-4798-A817-B8295C91DD8F}.Ad-Hoc|iPhone.ActiveCfg = Release|Any CPU
		{265ED519-5902-4798-A817-B8295C91DD8F}.Ad-Hoc|iPhone.Build.0 = Release|Any CPU
		{265ED519-5902-4798-A817-B8295C91DD8F}.Ad-Hoc|iPhoneSimulator.ActiveCfg = Release|Any CPU
		{265ED519-5902-4798-A817-B8295C91DD8F}.Ad-Hoc|iPhoneSimulator.Build.0 = Release|Any CPU
		{265ED519-5902-4798-A817-B8295C91DD8F}.Ad-Hoc|x64.ActiveCfg = Release|Any CPU
		{265ED519-5902-4798-A817-B8295C91DD8F}.Ad-Hoc|x64.Build.0 = Release|Any CPU
		{265ED519-5902-4798-A817-B8295C91DD8F}.Ad-Hoc|x86.ActiveCfg = Release|Any CPU
		{265ED519-5902-4798-A817-B8295C91DD8F}.Ad-Hoc|x86.Build.0 = Release|Any CPU
		{265ED519-5902-4798-A817-B8295C91DD8F}.AppStore|Any CPU.ActiveCfg = Release|Any CPU
		{265ED519-5902-4798-A817-B8295C91DD8F}.AppStore|Any CPU.Build.0 = Release|Any CPU
		{265ED519-5902-4798-A817-B8295C91DD8F}.AppStore|ARM.ActiveCfg = Release|Any CPU
		{265ED519-5902-4798-A817-B8295C91DD8F}.AppStore|ARM.Build.0 = Release|Any CPU
		{265ED519-5902-4798-A817-B8295C91DD8F}.AppStore|iPhone.ActiveCfg = Release|Any CPU
		{265ED519-5902-4798-A817-B8295C91DD8F}.AppStore|iPhone.Build.0 = Release|Any CPU
		{265ED519-5902-4798-A817-B8295C91DD8F}.AppStore|iPhoneSimulator.ActiveCfg = Release|Any CPU
		{265ED519-5902-4798-A817-B8295C91DD8F}.AppStore|iPhoneSimulator.Build.0 = Release|Any CPU
		{265ED519-5902-4798-A817-B8295C91DD8F}.AppStore|x64.ActiveCfg = Release|Any CPU
		{265ED519-5902-4798-A817-B8295C91DD8F}.AppStore|x64.Build.0 = Release|Any CPU
		{265ED519-5902-4798-A817-B8295C91DD8F}.AppStore|x86.ActiveCfg = Release|Any CPU
		{265ED519-5902-4798-A817-B8295C91DD8F}.AppStore|x86.Build.0 = Release|Any CPU
		{265ED519-5902-4798-A817-B8295C91DD8F}.Debug|Any CPU.ActiveCfg = Debug|Any CPU
		{265ED519-5902-4798-A817-B8295C91DD8F}.Debug|Any CPU.Build.0 = Debug|Any CPU
		{265ED519-5902-4798-A817-B8295C91DD8F}.Debug|ARM.ActiveCfg = Debug|Any CPU
		{265ED519-5902-4798-A817-B8295C91DD8F}.Debug|ARM.Build.0 = Debug|Any CPU
		{265ED519-5902-4798-A817-B8295C91DD8F}.Debug|iPhone.ActiveCfg = Debug|Any CPU
		{265ED519-5902-4798-A817-B8295C91DD8F}.Debug|iPhone.Build.0 = Debug|Any CPU
		{265ED519-5902-4798-A817-B8295C91DD8F}.Debug|iPhoneSimulator.ActiveCfg = Debug|Any CPU
		{265ED519-5902-4798-A817-B8295C91DD8F}.Debug|iPhoneSimulator.Build.0 = Debug|Any CPU
		{265ED519-5902-4798-A817-B8295C91DD8F}.Debug|x64.ActiveCfg = Debug|Any CPU
		{265ED519-5902-4798-A817-B8295C91DD8F}.Debug|x64.Build.0 = Debug|Any CPU
		{265ED519-5902-4798-A817-B8295C91DD8F}.Debug|x86.ActiveCfg = Debug|Any CPU
		{265ED519-5902-4798-A817-B8295C91DD8F}.Debug|x86.Build.0 = Debug|Any CPU
		{265ED519-5902-4798-A817-B8295C91DD8F}.Release|Any CPU.ActiveCfg = Release|Any CPU
		{265ED519-5902-4798-A817-B8295C91DD8F}.Release|Any CPU.Build.0 = Release|Any CPU
		{265ED519-5902-4798-A817-B8295C91DD8F}.Release|ARM.ActiveCfg = Release|Any CPU
		{265ED519-5902-4798-A817-B8295C91DD8F}.Release|ARM.Build.0 = Release|Any CPU
		{265ED519-5902-4798-A817-B8295C91DD8F}.Release|iPhone.ActiveCfg = Release|Any CPU
		{265ED519-5902-4798-A817-B8295C91DD8F}.Release|iPhone.Build.0 = Release|Any CPU
		{265ED519-5902-4798-A817-B8295C91DD8F}.Release|iPhoneSimulator.ActiveCfg = Release|Any CPU
		{265ED519-5902-4798-A817-B8295C91DD8F}.Release|iPhoneSimulator.Build.0 = Release|Any CPU
		{265ED519-5902-4798-A817-B8295C91DD8F}.Release|x64.ActiveCfg = Release|Any CPU
		{265ED519-5902-4798-A817-B8295C91DD8F}.Release|x64.Build.0 = Release|Any CPU
		{265ED519-5902-4798-A817-B8295C91DD8F}.Release|x86.ActiveCfg = Release|Any CPU
		{265ED519-5902-4798-A817-B8295C91DD8F}.Release|x86.Build.0 = Release|Any CPU
		{247E02C3-4E52-4E89-B76F-307AE6AA44C8}.Ad-Hoc|Any CPU.ActiveCfg = Ad-Hoc|iPhone
		{247E02C3-4E52-4E89-B76F-307AE6AA44C8}.Ad-Hoc|ARM.ActiveCfg = Ad-Hoc|iPhone
		{247E02C3-4E52-4E89-B76F-307AE6AA44C8}.Ad-Hoc|iPhone.ActiveCfg = Ad-Hoc|iPhone
		{247E02C3-4E52-4E89-B76F-307AE6AA44C8}.Ad-Hoc|iPhone.Build.0 = Ad-Hoc|iPhone
		{247E02C3-4E52-4E89-B76F-307AE6AA44C8}.Ad-Hoc|iPhoneSimulator.ActiveCfg = Ad-Hoc|iPhoneSimulator
		{247E02C3-4E52-4E89-B76F-307AE6AA44C8}.Ad-Hoc|iPhoneSimulator.Build.0 = Ad-Hoc|iPhoneSimulator
		{247E02C3-4E52-4E89-B76F-307AE6AA44C8}.Ad-Hoc|x64.ActiveCfg = Ad-Hoc|iPhone
		{247E02C3-4E52-4E89-B76F-307AE6AA44C8}.Ad-Hoc|x86.ActiveCfg = Ad-Hoc|iPhone
		{247E02C3-4E52-4E89-B76F-307AE6AA44C8}.AppStore|Any CPU.ActiveCfg = AppStore|iPhone
		{247E02C3-4E52-4E89-B76F-307AE6AA44C8}.AppStore|ARM.ActiveCfg = AppStore|iPhone
		{247E02C3-4E52-4E89-B76F-307AE6AA44C8}.AppStore|iPhone.ActiveCfg = AppStore|iPhone
		{247E02C3-4E52-4E89-B76F-307AE6AA44C8}.AppStore|iPhone.Build.0 = AppStore|iPhone
		{247E02C3-4E52-4E89-B76F-307AE6AA44C8}.AppStore|iPhoneSimulator.ActiveCfg = AppStore|iPhoneSimulator
		{247E02C3-4E52-4E89-B76F-307AE6AA44C8}.AppStore|iPhoneSimulator.Build.0 = AppStore|iPhoneSimulator
		{247E02C3-4E52-4E89-B76F-307AE6AA44C8}.AppStore|x64.ActiveCfg = AppStore|iPhone
		{247E02C3-4E52-4E89-B76F-307AE6AA44C8}.AppStore|x86.ActiveCfg = AppStore|iPhone
		{247E02C3-4E52-4E89-B76F-307AE6AA44C8}.Debug|Any CPU.ActiveCfg = Debug|iPhone
		{247E02C3-4E52-4E89-B76F-307AE6AA44C8}.Debug|ARM.ActiveCfg = Debug|iPhone
		{247E02C3-4E52-4E89-B76F-307AE6AA44C8}.Debug|iPhone.ActiveCfg = Debug|iPhone
		{247E02C3-4E52-4E89-B76F-307AE6AA44C8}.Debug|iPhone.Build.0 = Debug|iPhone
		{247E02C3-4E52-4E89-B76F-307AE6AA44C8}.Debug|iPhoneSimulator.ActiveCfg = Debug|iPhoneSimulator
		{247E02C3-4E52-4E89-B76F-307AE6AA44C8}.Debug|iPhoneSimulator.Build.0 = Debug|iPhoneSimulator
		{247E02C3-4E52-4E89-B76F-307AE6AA44C8}.Debug|x64.ActiveCfg = Debug|iPhone
		{247E02C3-4E52-4E89-B76F-307AE6AA44C8}.Debug|x86.ActiveCfg = Debug|iPhone
		{247E02C3-4E52-4E89-B76F-307AE6AA44C8}.Release|Any CPU.ActiveCfg = Release|iPhone
		{247E02C3-4E52-4E89-B76F-307AE6AA44C8}.Release|ARM.ActiveCfg = Release|iPhone
		{247E02C3-4E52-4E89-B76F-307AE6AA44C8}.Release|iPhone.ActiveCfg = Release|iPhone
		{247E02C3-4E52-4E89-B76F-307AE6AA44C8}.Release|iPhone.Build.0 = Release|iPhone
		{247E02C3-4E52-4E89-B76F-307AE6AA44C8}.Release|iPhoneSimulator.ActiveCfg = Release|iPhoneSimulator
		{247E02C3-4E52-4E89-B76F-307AE6AA44C8}.Release|iPhoneSimulator.Build.0 = Release|iPhoneSimulator
		{247E02C3-4E52-4E89-B76F-307AE6AA44C8}.Release|x64.ActiveCfg = Release|iPhone
		{247E02C3-4E52-4E89-B76F-307AE6AA44C8}.Release|x86.ActiveCfg = Release|iPhone
		{9F7986F1-2A0F-418C-837F-71C1083F18DF}.Ad-Hoc|Any CPU.ActiveCfg = Release|Any CPU
		{9F7986F1-2A0F-418C-837F-71C1083F18DF}.Ad-Hoc|Any CPU.Build.0 = Release|Any CPU
		{9F7986F1-2A0F-418C-837F-71C1083F18DF}.Ad-Hoc|Any CPU.Deploy.0 = Release|Any CPU
		{9F7986F1-2A0F-418C-837F-71C1083F18DF}.Ad-Hoc|ARM.ActiveCfg = Release|Any CPU
		{9F7986F1-2A0F-418C-837F-71C1083F18DF}.Ad-Hoc|ARM.Build.0 = Release|Any CPU
		{9F7986F1-2A0F-418C-837F-71C1083F18DF}.Ad-Hoc|ARM.Deploy.0 = Release|Any CPU
		{9F7986F1-2A0F-418C-837F-71C1083F18DF}.Ad-Hoc|iPhone.ActiveCfg = Release|Any CPU
		{9F7986F1-2A0F-418C-837F-71C1083F18DF}.Ad-Hoc|iPhone.Build.0 = Release|Any CPU
		{9F7986F1-2A0F-418C-837F-71C1083F18DF}.Ad-Hoc|iPhone.Deploy.0 = Release|Any CPU
		{9F7986F1-2A0F-418C-837F-71C1083F18DF}.Ad-Hoc|iPhoneSimulator.ActiveCfg = Release|Any CPU
		{9F7986F1-2A0F-418C-837F-71C1083F18DF}.Ad-Hoc|iPhoneSimulator.Build.0 = Release|Any CPU
		{9F7986F1-2A0F-418C-837F-71C1083F18DF}.Ad-Hoc|iPhoneSimulator.Deploy.0 = Release|Any CPU
		{9F7986F1-2A0F-418C-837F-71C1083F18DF}.Ad-Hoc|x64.ActiveCfg = Release|Any CPU
		{9F7986F1-2A0F-418C-837F-71C1083F18DF}.Ad-Hoc|x64.Build.0 = Release|Any CPU
		{9F7986F1-2A0F-418C-837F-71C1083F18DF}.Ad-Hoc|x64.Deploy.0 = Release|Any CPU
		{9F7986F1-2A0F-418C-837F-71C1083F18DF}.Ad-Hoc|x86.ActiveCfg = Release|Any CPU
		{9F7986F1-2A0F-418C-837F-71C1083F18DF}.Ad-Hoc|x86.Build.0 = Release|Any CPU
		{9F7986F1-2A0F-418C-837F-71C1083F18DF}.Ad-Hoc|x86.Deploy.0 = Release|Any CPU
		{9F7986F1-2A0F-418C-837F-71C1083F18DF}.AppStore|Any CPU.ActiveCfg = Release|Any CPU
		{9F7986F1-2A0F-418C-837F-71C1083F18DF}.AppStore|Any CPU.Build.0 = Release|Any CPU
		{9F7986F1-2A0F-418C-837F-71C1083F18DF}.AppStore|Any CPU.Deploy.0 = Release|Any CPU
		{9F7986F1-2A0F-418C-837F-71C1083F18DF}.AppStore|ARM.ActiveCfg = Release|Any CPU
		{9F7986F1-2A0F-418C-837F-71C1083F18DF}.AppStore|ARM.Build.0 = Release|Any CPU
		{9F7986F1-2A0F-418C-837F-71C1083F18DF}.AppStore|ARM.Deploy.0 = Release|Any CPU
		{9F7986F1-2A0F-418C-837F-71C1083F18DF}.AppStore|iPhone.ActiveCfg = Release|Any CPU
		{9F7986F1-2A0F-418C-837F-71C1083F18DF}.AppStore|iPhone.Build.0 = Release|Any CPU
		{9F7986F1-2A0F-418C-837F-71C1083F18DF}.AppStore|iPhone.Deploy.0 = Release|Any CPU
		{9F7986F1-2A0F-418C-837F-71C1083F18DF}.AppStore|iPhoneSimulator.ActiveCfg = Release|Any CPU
		{9F7986F1-2A0F-418C-837F-71C1083F18DF}.AppStore|iPhoneSimulator.Build.0 = Release|Any CPU
		{9F7986F1-2A0F-418C-837F-71C1083F18DF}.AppStore|iPhoneSimulator.Deploy.0 = Release|Any CPU
		{9F7986F1-2A0F-418C-837F-71C1083F18DF}.AppStore|x64.ActiveCfg = Release|Any CPU
		{9F7986F1-2A0F-418C-837F-71C1083F18DF}.AppStore|x64.Build.0 = Release|Any CPU
		{9F7986F1-2A0F-418C-837F-71C1083F18DF}.AppStore|x64.Deploy.0 = Release|Any CPU
		{9F7986F1-2A0F-418C-837F-71C1083F18DF}.AppStore|x86.ActiveCfg = Release|Any CPU
		{9F7986F1-2A0F-418C-837F-71C1083F18DF}.AppStore|x86.Build.0 = Release|Any CPU
		{9F7986F1-2A0F-418C-837F-71C1083F18DF}.AppStore|x86.Deploy.0 = Release|Any CPU
		{9F7986F1-2A0F-418C-837F-71C1083F18DF}.Debug|Any CPU.ActiveCfg = Debug|Any CPU
		{9F7986F1-2A0F-418C-837F-71C1083F18DF}.Debug|Any CPU.Build.0 = Debug|Any CPU
		{9F7986F1-2A0F-418C-837F-71C1083F18DF}.Debug|Any CPU.Deploy.0 = Debug|Any CPU
		{9F7986F1-2A0F-418C-837F-71C1083F18DF}.Debug|ARM.ActiveCfg = Debug|Any CPU
		{9F7986F1-2A0F-418C-837F-71C1083F18DF}.Debug|ARM.Build.0 = Debug|Any CPU
		{9F7986F1-2A0F-418C-837F-71C1083F18DF}.Debug|ARM.Deploy.0 = Debug|Any CPU
		{9F7986F1-2A0F-418C-837F-71C1083F18DF}.Debug|iPhone.ActiveCfg = Debug|Any CPU
		{9F7986F1-2A0F-418C-837F-71C1083F18DF}.Debug|iPhone.Build.0 = Debug|Any CPU
		{9F7986F1-2A0F-418C-837F-71C1083F18DF}.Debug|iPhone.Deploy.0 = Debug|Any CPU
		{9F7986F1-2A0F-418C-837F-71C1083F18DF}.Debug|iPhoneSimulator.ActiveCfg = Debug|Any CPU
		{9F7986F1-2A0F-418C-837F-71C1083F18DF}.Debug|iPhoneSimulator.Build.0 = Debug|Any CPU
		{9F7986F1-2A0F-418C-837F-71C1083F18DF}.Debug|iPhoneSimulator.Deploy.0 = Debug|Any CPU
		{9F7986F1-2A0F-418C-837F-71C1083F18DF}.Debug|x64.ActiveCfg = Debug|Any CPU
		{9F7986F1-2A0F-418C-837F-71C1083F18DF}.Debug|x64.Build.0 = Debug|Any CPU
		{9F7986F1-2A0F-418C-837F-71C1083F18DF}.Debug|x64.Deploy.0 = Debug|Any CPU
		{9F7986F1-2A0F-418C-837F-71C1083F18DF}.Debug|x86.ActiveCfg = Debug|Any CPU
		{9F7986F1-2A0F-418C-837F-71C1083F18DF}.Debug|x86.Build.0 = Debug|Any CPU
		{9F7986F1-2A0F-418C-837F-71C1083F18DF}.Debug|x86.Deploy.0 = Debug|Any CPU
		{9F7986F1-2A0F-418C-837F-71C1083F18DF}.Release|Any CPU.ActiveCfg = Release|Any CPU
		{9F7986F1-2A0F-418C-837F-71C1083F18DF}.Release|Any CPU.Build.0 = Release|Any CPU
		{9F7986F1-2A0F-418C-837F-71C1083F18DF}.Release|Any CPU.Deploy.0 = Release|Any CPU
		{9F7986F1-2A0F-418C-837F-71C1083F18DF}.Release|ARM.ActiveCfg = Release|Any CPU
		{9F7986F1-2A0F-418C-837F-71C1083F18DF}.Release|ARM.Build.0 = Release|Any CPU
		{9F7986F1-2A0F-418C-837F-71C1083F18DF}.Release|ARM.Deploy.0 = Release|Any CPU
		{9F7986F1-2A0F-418C-837F-71C1083F18DF}.Release|iPhone.ActiveCfg = Release|Any CPU
		{9F7986F1-2A0F-418C-837F-71C1083F18DF}.Release|iPhone.Build.0 = Release|Any CPU
		{9F7986F1-2A0F-418C-837F-71C1083F18DF}.Release|iPhone.Deploy.0 = Release|Any CPU
		{9F7986F1-2A0F-418C-837F-71C1083F18DF}.Release|iPhoneSimulator.ActiveCfg = Release|Any CPU
		{9F7986F1-2A0F-418C-837F-71C1083F18DF}.Release|iPhoneSimulator.Build.0 = Release|Any CPU
		{9F7986F1-2A0F-418C-837F-71C1083F18DF}.Release|iPhoneSimulator.Deploy.0 = Release|Any CPU
		{9F7986F1-2A0F-418C-837F-71C1083F18DF}.Release|x64.ActiveCfg = Release|Any CPU
		{9F7986F1-2A0F-418C-837F-71C1083F18DF}.Release|x64.Build.0 = Release|Any CPU
		{9F7986F1-2A0F-418C-837F-71C1083F18DF}.Release|x64.Deploy.0 = Release|Any CPU
		{9F7986F1-2A0F-418C-837F-71C1083F18DF}.Release|x86.ActiveCfg = Release|Any CPU
		{9F7986F1-2A0F-418C-837F-71C1083F18DF}.Release|x86.Build.0 = Release|Any CPU
		{9F7986F1-2A0F-418C-837F-71C1083F18DF}.Release|x86.Deploy.0 = Release|Any CPU
	EndGlobalSection
	GlobalSection(SolutionProperties) = preSolution
		HideSolutionNode = FALSE
	EndGlobalSection
EndGlobal
