
Microsoft Visual Studio Solution File, Format Version 12.00
# Visual Studio 15
VisualStudioVersion = 15.0.27130.2036
MinimumVisualStudioVersion = 10.0.40219.1
Project("{FAE04EC0-301F-11D3-BF4B-00C04F79EFBC}") = "WoodenBench_Desktop", "WoodenBench Desktop\WoodenBench_Desktop.csproj", "{53D38988-D1CD-4EB0-AF9C-093EA6C3D2A6}"
EndProject
Project("{FAE04EC0-301F-11D3-BF4B-00C04F79EFBC}") = "Installation_Finaliser", "Desktop_Updater\Installation_Finaliser.csproj", "{2B113AEA-7463-4506-80CF-4D62359FF829}"
EndProject
Project("{FAE04EC0-301F-11D3-BF4B-00C04F79EFBC}") = "CoreLibrary", "StaticLibrary\CoreLibrary.csproj", "{2D8B975F-6942-462D-8B1B-31B7639DD5AF}"
EndProject
Project("{9A19103F-16F7-4668-BE54-9A1E7A4F7556}") = "WebManagement", "WebManagement\WebManagement.csproj", "{057EF188-ACD4-45C7-BEF8-41205C0F0E42}"
EndProject
Project("{9A19103F-16F7-4668-BE54-9A1E7A4F7556}") = "ServiceStatus", "ServiceStatus\ServiceStatus.csproj", "{80529275-FDCC-4653-8C02-F1B013D97DD6}"
EndProject
Project("{FAE04EC0-301F-11D3-BF4B-00C04F79EFBC}") = "DataBaseServer", "DataBaseServer\DataBaseServer.csproj", "{99503638-50BB-4820-B65B-85E1481AEEF5}"
EndProject
Global
	GlobalSection(SolutionConfigurationPlatforms) = preSolution
		Debug|Any CPU = Debug|Any CPU
		Debug|ARM = Debug|ARM
		Debug|x64 = Debug|x64
		Debug|x86 = Debug|x86
		Release|Any CPU = Release|Any CPU
		Release|ARM = Release|ARM
		Release|x64 = Release|x64
		Release|x86 = Release|x86
	EndGlobalSection
	GlobalSection(ProjectConfigurationPlatforms) = postSolution
		{53D38988-D1CD-4EB0-AF9C-093EA6C3D2A6}.Debug|Any CPU.ActiveCfg = Debug|Any CPU
		{53D38988-D1CD-4EB0-AF9C-093EA6C3D2A6}.Debug|Any CPU.Build.0 = Debug|Any CPU
		{53D38988-D1CD-4EB0-AF9C-093EA6C3D2A6}.Debug|ARM.ActiveCfg = Debug|Any CPU
		{53D38988-D1CD-4EB0-AF9C-093EA6C3D2A6}.Debug|ARM.Build.0 = Debug|Any CPU
		{53D38988-D1CD-4EB0-AF9C-093EA6C3D2A6}.Debug|x64.ActiveCfg = Debug|Any CPU
		{53D38988-D1CD-4EB0-AF9C-093EA6C3D2A6}.Debug|x64.Build.0 = Debug|Any CPU
		{53D38988-D1CD-4EB0-AF9C-093EA6C3D2A6}.Debug|x86.ActiveCfg = Debug|Any CPU
		{53D38988-D1CD-4EB0-AF9C-093EA6C3D2A6}.Debug|x86.Build.0 = Debug|Any CPU
		{53D38988-D1CD-4EB0-AF9C-093EA6C3D2A6}.Release|Any CPU.ActiveCfg = Release|Any CPU
		{53D38988-D1CD-4EB0-AF9C-093EA6C3D2A6}.Release|Any CPU.Build.0 = Release|Any CPU
		{53D38988-D1CD-4EB0-AF9C-093EA6C3D2A6}.Release|ARM.ActiveCfg = Release|Any CPU
		{53D38988-D1CD-4EB0-AF9C-093EA6C3D2A6}.Release|ARM.Build.0 = Release|Any CPU
		{53D38988-D1CD-4EB0-AF9C-093EA6C3D2A6}.Release|x64.ActiveCfg = Release|Any CPU
		{53D38988-D1CD-4EB0-AF9C-093EA6C3D2A6}.Release|x64.Build.0 = Release|Any CPU
		{53D38988-D1CD-4EB0-AF9C-093EA6C3D2A6}.Release|x86.ActiveCfg = Release|Any CPU
		{53D38988-D1CD-4EB0-AF9C-093EA6C3D2A6}.Release|x86.Build.0 = Release|Any CPU
		{2B113AEA-7463-4506-80CF-4D62359FF829}.Debug|Any CPU.ActiveCfg = Debug|Any CPU
		{2B113AEA-7463-4506-80CF-4D62359FF829}.Debug|Any CPU.Build.0 = Debug|Any CPU
		{2B113AEA-7463-4506-80CF-4D62359FF829}.Debug|ARM.ActiveCfg = Debug|Any CPU
		{2B113AEA-7463-4506-80CF-4D62359FF829}.Debug|ARM.Build.0 = Debug|Any CPU
		{2B113AEA-7463-4506-80CF-4D62359FF829}.Debug|x64.ActiveCfg = Debug|Any CPU
		{2B113AEA-7463-4506-80CF-4D62359FF829}.Debug|x64.Build.0 = Debug|Any CPU
		{2B113AEA-7463-4506-80CF-4D62359FF829}.Debug|x86.ActiveCfg = Debug|Any CPU
		{2B113AEA-7463-4506-80CF-4D62359FF829}.Debug|x86.Build.0 = Debug|Any CPU
		{2B113AEA-7463-4506-80CF-4D62359FF829}.Release|Any CPU.ActiveCfg = Release|Any CPU
		{2B113AEA-7463-4506-80CF-4D62359FF829}.Release|Any CPU.Build.0 = Release|Any CPU
		{2B113AEA-7463-4506-80CF-4D62359FF829}.Release|ARM.ActiveCfg = Release|Any CPU
		{2B113AEA-7463-4506-80CF-4D62359FF829}.Release|ARM.Build.0 = Release|Any CPU
		{2B113AEA-7463-4506-80CF-4D62359FF829}.Release|x64.ActiveCfg = Release|Any CPU
		{2B113AEA-7463-4506-80CF-4D62359FF829}.Release|x64.Build.0 = Release|Any CPU
		{2B113AEA-7463-4506-80CF-4D62359FF829}.Release|x86.ActiveCfg = Release|Any CPU
		{2B113AEA-7463-4506-80CF-4D62359FF829}.Release|x86.Build.0 = Release|Any CPU
		{2D8B975F-6942-462D-8B1B-31B7639DD5AF}.Debug|Any CPU.ActiveCfg = Debug|Any CPU
		{2D8B975F-6942-462D-8B1B-31B7639DD5AF}.Debug|Any CPU.Build.0 = Debug|Any CPU
		{2D8B975F-6942-462D-8B1B-31B7639DD5AF}.Debug|ARM.ActiveCfg = Debug|Any CPU
		{2D8B975F-6942-462D-8B1B-31B7639DD5AF}.Debug|ARM.Build.0 = Debug|Any CPU
		{2D8B975F-6942-462D-8B1B-31B7639DD5AF}.Debug|x64.ActiveCfg = Debug|Any CPU
		{2D8B975F-6942-462D-8B1B-31B7639DD5AF}.Debug|x64.Build.0 = Debug|Any CPU
		{2D8B975F-6942-462D-8B1B-31B7639DD5AF}.Debug|x86.ActiveCfg = Debug|Any CPU
		{2D8B975F-6942-462D-8B1B-31B7639DD5AF}.Debug|x86.Build.0 = Debug|Any CPU
		{2D8B975F-6942-462D-8B1B-31B7639DD5AF}.Release|Any CPU.ActiveCfg = Release|Any CPU
		{2D8B975F-6942-462D-8B1B-31B7639DD5AF}.Release|Any CPU.Build.0 = Release|Any CPU
		{2D8B975F-6942-462D-8B1B-31B7639DD5AF}.Release|ARM.ActiveCfg = Release|Any CPU
		{2D8B975F-6942-462D-8B1B-31B7639DD5AF}.Release|ARM.Build.0 = Release|Any CPU
		{2D8B975F-6942-462D-8B1B-31B7639DD5AF}.Release|x64.ActiveCfg = Release|Any CPU
		{2D8B975F-6942-462D-8B1B-31B7639DD5AF}.Release|x64.Build.0 = Release|Any CPU
		{2D8B975F-6942-462D-8B1B-31B7639DD5AF}.Release|x86.ActiveCfg = Release|Any CPU
		{2D8B975F-6942-462D-8B1B-31B7639DD5AF}.Release|x86.Build.0 = Release|Any CPU
		{057EF188-ACD4-45C7-BEF8-41205C0F0E42}.Debug|Any CPU.ActiveCfg = Debug|Any CPU
		{057EF188-ACD4-45C7-BEF8-41205C0F0E42}.Debug|Any CPU.Build.0 = Debug|Any CPU
		{057EF188-ACD4-45C7-BEF8-41205C0F0E42}.Debug|ARM.ActiveCfg = Debug|Any CPU
		{057EF188-ACD4-45C7-BEF8-41205C0F0E42}.Debug|ARM.Build.0 = Debug|Any CPU
		{057EF188-ACD4-45C7-BEF8-41205C0F0E42}.Debug|x64.ActiveCfg = Debug|Any CPU
		{057EF188-ACD4-45C7-BEF8-41205C0F0E42}.Debug|x64.Build.0 = Debug|Any CPU
		{057EF188-ACD4-45C7-BEF8-41205C0F0E42}.Debug|x86.ActiveCfg = Debug|Any CPU
		{057EF188-ACD4-45C7-BEF8-41205C0F0E42}.Debug|x86.Build.0 = Debug|Any CPU
		{057EF188-ACD4-45C7-BEF8-41205C0F0E42}.Release|Any CPU.ActiveCfg = Release|Any CPU
		{057EF188-ACD4-45C7-BEF8-41205C0F0E42}.Release|Any CPU.Build.0 = Release|Any CPU
		{057EF188-ACD4-45C7-BEF8-41205C0F0E42}.Release|ARM.ActiveCfg = Release|Any CPU
		{057EF188-ACD4-45C7-BEF8-41205C0F0E42}.Release|ARM.Build.0 = Release|Any CPU
		{057EF188-ACD4-45C7-BEF8-41205C0F0E42}.Release|x64.ActiveCfg = Release|Any CPU
		{057EF188-ACD4-45C7-BEF8-41205C0F0E42}.Release|x64.Build.0 = Release|Any CPU
		{057EF188-ACD4-45C7-BEF8-41205C0F0E42}.Release|x86.ActiveCfg = Release|Any CPU
		{057EF188-ACD4-45C7-BEF8-41205C0F0E42}.Release|x86.Build.0 = Release|Any CPU
		{80529275-FDCC-4653-8C02-F1B013D97DD6}.Debug|Any CPU.ActiveCfg = Debug|Any CPU
		{80529275-FDCC-4653-8C02-F1B013D97DD6}.Debug|Any CPU.Build.0 = Debug|Any CPU
		{80529275-FDCC-4653-8C02-F1B013D97DD6}.Debug|ARM.ActiveCfg = Debug|Any CPU
		{80529275-FDCC-4653-8C02-F1B013D97DD6}.Debug|ARM.Build.0 = Debug|Any CPU
		{80529275-FDCC-4653-8C02-F1B013D97DD6}.Debug|x64.ActiveCfg = Debug|Any CPU
		{80529275-FDCC-4653-8C02-F1B013D97DD6}.Debug|x64.Build.0 = Debug|Any CPU
		{80529275-FDCC-4653-8C02-F1B013D97DD6}.Debug|x86.ActiveCfg = Debug|Any CPU
		{80529275-FDCC-4653-8C02-F1B013D97DD6}.Debug|x86.Build.0 = Debug|Any CPU
		{80529275-FDCC-4653-8C02-F1B013D97DD6}.Release|Any CPU.ActiveCfg = Release|Any CPU
		{80529275-FDCC-4653-8C02-F1B013D97DD6}.Release|Any CPU.Build.0 = Release|Any CPU
		{80529275-FDCC-4653-8C02-F1B013D97DD6}.Release|ARM.ActiveCfg = Release|Any CPU
		{80529275-FDCC-4653-8C02-F1B013D97DD6}.Release|ARM.Build.0 = Release|Any CPU
		{80529275-FDCC-4653-8C02-F1B013D97DD6}.Release|x64.ActiveCfg = Release|Any CPU
		{80529275-FDCC-4653-8C02-F1B013D97DD6}.Release|x64.Build.0 = Release|Any CPU
		{80529275-FDCC-4653-8C02-F1B013D97DD6}.Release|x86.ActiveCfg = Release|Any CPU
		{80529275-FDCC-4653-8C02-F1B013D97DD6}.Release|x86.Build.0 = Release|Any CPU
		{99503638-50BB-4820-B65B-85E1481AEEF5}.Debug|Any CPU.ActiveCfg = Debug|Any CPU
		{99503638-50BB-4820-B65B-85E1481AEEF5}.Debug|Any CPU.Build.0 = Debug|Any CPU
		{99503638-50BB-4820-B65B-85E1481AEEF5}.Debug|ARM.ActiveCfg = Debug|Any CPU
		{99503638-50BB-4820-B65B-85E1481AEEF5}.Debug|ARM.Build.0 = Debug|Any CPU
		{99503638-50BB-4820-B65B-85E1481AEEF5}.Debug|x64.ActiveCfg = Debug|Any CPU
		{99503638-50BB-4820-B65B-85E1481AEEF5}.Debug|x64.Build.0 = Debug|Any CPU
		{99503638-50BB-4820-B65B-85E1481AEEF5}.Debug|x86.ActiveCfg = Debug|Any CPU
		{99503638-50BB-4820-B65B-85E1481AEEF5}.Debug|x86.Build.0 = Debug|Any CPU
		{99503638-50BB-4820-B65B-85E1481AEEF5}.Release|Any CPU.ActiveCfg = Release|Any CPU
		{99503638-50BB-4820-B65B-85E1481AEEF5}.Release|Any CPU.Build.0 = Release|Any CPU
		{99503638-50BB-4820-B65B-85E1481AEEF5}.Release|ARM.ActiveCfg = Release|Any CPU
		{99503638-50BB-4820-B65B-85E1481AEEF5}.Release|ARM.Build.0 = Release|Any CPU
		{99503638-50BB-4820-B65B-85E1481AEEF5}.Release|x64.ActiveCfg = Release|Any CPU
		{99503638-50BB-4820-B65B-85E1481AEEF5}.Release|x64.Build.0 = Release|Any CPU
		{99503638-50BB-4820-B65B-85E1481AEEF5}.Release|x86.ActiveCfg = Release|Any CPU
		{99503638-50BB-4820-B65B-85E1481AEEF5}.Release|x86.Build.0 = Release|Any CPU
	EndGlobalSection
	GlobalSection(SolutionProperties) = preSolution
		HideSolutionNode = FALSE
	EndGlobalSection
	GlobalSection(ExtensibilityGlobals) = postSolution
		SolutionGuid = {F820D6B8-41E1-4CBF-AF15-08D327A07DF2}
	EndGlobalSection
EndGlobal
